
Microsoft Visual Studio Solution File, Format Version 12.00
# Visual Studio 14
VisualStudioVersion = 14.0.25420.1
MinimumVisualStudioVersion = 10.0.40219.1
Project("{FAE04EC0-301F-11D3-BF4B-00C04F79EFBC}") = "PlateMonitor", "PlateMonitor\PlateMonitor.csproj", "{C44671ED-5A16-453F-86A3-5E96CA83DFC4}"
EndProject
Project("{FAE04EC0-301F-11D3-BF4B-00C04F79EFBC}") = "回归演示", "回归演示\回归演示.csproj", "{CE6DFC13-E828-4F1D-8C5C-FC9B4A27BDCA}"
EndProject
Global
	GlobalSection(SolutionConfigurationPlatforms) = preSolution
		Debug|Any CPU = Debug|Any CPU
		Release|Any CPU = Release|Any CPU
	EndGlobalSection
	GlobalSection(ProjectConfigurationPlatforms) = postSolution
		{C44671ED-5A16-453F-86A3-5E96CA83DFC4}.Debug|Any CPU.ActiveCfg = Debug|Any CPU
		{C44671ED-5A16-453F-86A3-5E96CA83DFC4}.Debug|Any CPU.Build.0 = Debug|Any CPU
		{C44671ED-5A16-453F-86A3-5E96CA83DFC4}.Release|Any CPU.ActiveCfg = Release|Any CPU
		{C44671ED-5A16-453F-86A3-5E96CA83DFC4}.Release|Any CPU.Build.0 = Release|Any CPU
		{CE6DFC13-E828-4F1D-8C5C-FC9B4A27BDCA}.Debug|Any CPU.ActiveCfg = Debug|Any CPU
		{CE6DFC13-E828-4F1D-8C5C-FC9B4A27BDCA}.Debug|Any CPU.Build.0 = Debug|Any CPU
		{CE6DFC13-E828-4F1D-8C5C-FC9B4A27BDCA}.Release|Any CPU.ActiveCfg = Release|Any CPU
		{CE6DFC13-E828-4F1D-8C5C-FC9B4A27BDCA}.Release|Any CPU.Build.0 = Release|Any CPU
	EndGlobalSection
	GlobalSection(SolutionProperties) = preSolution
		HideSolutionNode = FALSE
	EndGlobalSection
EndGlobal
