
Microsoft Visual Studio Solution File, Format Version 12.00
# Visual Studio 14
VisualStudioVersion = 14.0.25420.1
MinimumVisualStudioVersion = 10.0.40219.1
Project("{FAE04EC0-301F-11D3-BF4B-00C04F79EFBC}") = "ReadPlateStock", "ReadPlateStock\ReadPlateStock.csproj", "{FBAF1FCA-0A80-49BD-A916-27D7BB23D386}"
EndProject
Global
	GlobalSection(SolutionConfigurationPlatforms) = preSolution
		Debug|Any CPU = Debug|Any CPU
		Release|Any CPU = Release|Any CPU
	EndGlobalSection
	GlobalSection(ProjectConfigurationPlatforms) = postSolution
		{FBAF1FCA-0A80-49BD-A916-27D7BB23D386}.Debug|Any CPU.ActiveCfg = Debug|Any CPU
		{FBAF1FCA-0A80-49BD-A916-27D7BB23D386}.Debug|Any CPU.Build.0 = Debug|Any CPU
		{FBAF1FCA-0A80-49BD-A916-27D7BB23D386}.Release|Any CPU.ActiveCfg = Release|Any CPU
		{FBAF1FCA-0A80-49BD-A916-27D7BB23D386}.Release|Any CPU.Build.0 = Release|Any CPU
	EndGlobalSection
	GlobalSection(SolutionProperties) = preSolution
		HideSolutionNode = FALSE
	EndGlobalSection
EndGlobal
